{
    "_meta": {
        "hash": {
            "sha256": "847e0ac960e7c53ae287adf11c6868d431901b5e8517378d0a0dd420b88d8590"
        },
        "pipfile-spec": 6,
        "requires": {
            "python_version": "3.8"
        },
        "sources": [
            {
                "name": "pypi",
                "url": "https://pypi.org/simple",
                "verify_ssl": true
            }
        ]
    },
    "default": {
        "astropy": {
            "hashes": [
                "sha256:1b3d6e801ab719d448e179dffe23a2f3c5646b81090db9f4d95a6b3acd643888",
                "sha256:21c293609741bb7e3fe43e0c9f906f41962b04bb8c799a221fc1aa2100353fad",
                "sha256:2c194f8a429b8399de64a413a06881ea49f0525cabaa2d78fc132b9e970adc6a",
                "sha256:2fea9cf1fb1ef4e68e5c93c679a26dcc6313be55783fa1ee162eb72c8c9eb0b4",
                "sha256:3638fd0c489fe4321d72056086acbdd48f767b19af8f6c39b865966c638e0efa",
                "sha256:4f33707d1bafd11884fc4aacc38f76f4c5c6f8d6f15dd968aad50bc197bc6edb",
                "sha256:6767b8dd29be6c7ec5d934b955875b71400464b2a33eb58b59d575302e4a1892",
                "sha256:882434f6fe29a2aba9fe61bddac13943c95a9d6e8fdb19f3e35a9f9ae039bd10",
                "sha256:949b6111badc371129d811b74d7fe6df711719e41385b37189af0a4d325b811d",
                "sha256:a6890ec88220e2cbeaa1f70f012b19b4ffe908b19e3c264847ca87b710d5918f",
                "sha256:ae3d690b6c20ce47d0644129046c08b7715cbafd2e7a49aba8d7c169dcfadbc1",
                "sha256:c9d65d0071215995e1e637bc74e84afcf37fc5492e54451015981f2cb6ca9e60",
                "sha256:daaf9f0264b686c870032987483f2ddbdd5ce31762ab53f53f84bf9c68e2720a",
                "sha256:ddaa04ba229b69c7a16efdd16dac77fcf8eb8923272cdc290b033992fe679323",
                "sha256:e749b2ecfedceac0e316a5332eaf73c833d2f5e1c3b9524a4780105dc802f27b",
                "sha256:e80117502290e97819e2328243221d89f3749c14526f3ad7c75613a07b56ae8e"
            ],
            "index": "pypi",
            "version": "==4.2"
        },
        "numpy": {
            "hashes": [
                "sha256:012426a41bc9ab63bb158635aecccc7610e3eff5d31d1eb43bc099debc979d94",
                "sha256:06fab248a088e439402141ea04f0fffb203723148f6ee791e9c75b3e9e82f080",
                "sha256:0eef32ca3132a48e43f6a0f5a82cb508f22ce5a3d6f67a8329c81c8e226d3f6e",
                "sha256:1ded4fce9cfaaf24e7a0ab51b7a87be9038ea1ace7f34b841fe3b6894c721d1c",
                "sha256:2e55195bc1c6b705bfd8ad6f288b38b11b1af32f3c8289d6c50d47f950c12e76",
                "sha256:2ea52bd92ab9f768cc64a4c3ef8f4b2580a17af0a5436f6126b08efbd1838371",
                "sha256:36674959eed6957e61f11c912f71e78857a8d0604171dfd9ce9ad5cbf41c511c",
                "sha256:384ec0463d1c2671170901994aeb6dce126de0a95ccc3976c43b0038a37329c2",
                "sha256:39b70c19ec771805081578cc936bbe95336798b7edf4732ed102e7a43ec5c07a",
                "sha256:400580cbd3cff6ffa6293df2278c75aef2d58d8d93d3c5614cd67981dae68ceb",
                "sha256:43d4c81d5ffdff6bae58d66a3cd7f54a7acd9a0e7b18d97abb255defc09e3140",
                "sha256:50a4a0ad0111cc1b71fa32dedd05fa239f7fb5a43a40663269bb5dc7877cfd28",
                "sha256:603aa0706be710eea8884af807b1b3bc9fb2e49b9f4da439e76000f3b3c6ff0f",
                "sha256:6149a185cece5ee78d1d196938b2a8f9d09f5a5ebfbba66969302a778d5ddd1d",
                "sha256:759e4095edc3c1b3ac031f34d9459fa781777a93ccc633a472a5468587a190ff",
                "sha256:7fb43004bce0ca31d8f13a6eb5e943fa73371381e53f7074ed21a4cb786c32f8",
                "sha256:811daee36a58dc79cf3d8bdd4a490e4277d0e4b7d103a001a4e73ddb48e7e6aa",
                "sha256:8b5e972b43c8fc27d56550b4120fe6257fdc15f9301914380b27f74856299fea",
                "sha256:99abf4f353c3d1a0c7a5f27699482c987cf663b1eac20db59b8c7b061eabd7fc",
                "sha256:a0d53e51a6cb6f0d9082decb7a4cb6dfb33055308c4c44f53103c073f649af73",
                "sha256:a12ff4c8ddfee61f90a1633a4c4afd3f7bcb32b11c52026c92a12e1325922d0d",
                "sha256:a4646724fba402aa7504cd48b4b50e783296b5e10a524c7a6da62e4a8ac9698d",
                "sha256:a76f502430dd98d7546e1ea2250a7360c065a5fdea52b2dffe8ae7180909b6f4",
                "sha256:a9d17f2be3b427fbb2bce61e596cf555d6f8a56c222bd2ca148baeeb5e5c783c",
                "sha256:ab83f24d5c52d60dbc8cd0528759532736b56db58adaa7b5f1f76ad551416a1e",
                "sha256:aeb9ed923be74e659984e321f609b9ba54a48354bfd168d21a2b072ed1e833ea",
                "sha256:c843b3f50d1ab7361ca4f0b3639bf691569493a56808a0b0c54a051d260b7dbd",
                "sha256:cae865b1cae1ec2663d8ea56ef6ff185bad091a5e33ebbadd98de2cfa3fa668f",
                "sha256:cc6bd4fd593cb261332568485e20a0712883cf631f6f5e8e86a52caa8b2b50ff",
                "sha256:cf2402002d3d9f91c8b01e66fbb436a4ed01c6498fffed0e4c7566da1d40ee1e",
                "sha256:d051ec1c64b85ecc69531e1137bb9751c6830772ee5c1c426dbcfe98ef5788d7",
                "sha256:d6631f2e867676b13026e2846180e2c13c1e11289d67da08d71cacb2cd93d4aa",
                "sha256:dbd18bcf4889b720ba13a27ec2f2aac1981bd41203b3a3b27ba7a33f88ae4827",
                "sha256:df609c82f18c5b9f6cb97271f03315ff0dbe481a2a02e56aeb1b1a985ce38e60"
            ],
            "index": "pypi",
            "version": "==1.19.5"
        },
        "pyerfa": {
            "hashes": [
                "sha256:104c359969b427188854518f4f2c68fd0c30a16e8f9ed7fffdcd593b4676b87c",
                "sha256:1bb9de4486c093a35d5740bbffc6d2c2f2ec136f32633a251f4d57e84bad507b",
                "sha256:1cc8cfb11cdcbd17ec5620f75466582f64c69ed4414db2d22f281ab381e954a6",
                "sha256:21393792f8f8e2d85cf17e73c8f848ea6063a86bd8dbdf668b08862cd350e80b",
                "sha256:31ddff47c5376900fea2c38796b4450f8261bd502cfea281f5d70ed91855d47b",
                "sha256:3469d1a6b9d0a820631cd80f49e71494b1cdd68b590a6850b292832427d6cbe2",
                "sha256:35cbd7bf17537592fa5fe60f3b06c240b5a5db62c4f62c7cef72ba5f6403927e",
                "sha256:4460107375169ff1c2fa701c508db9404649d06b45c908e66e50bec0c6c32a43",
                "sha256:5eeea63a7d5ad3d7f15504cf781f9c907a3c5815ea1584841c4838cbe6726853",
                "sha256:6b99852bbd0317afae81805d811ea3f854bbfb3eaf9855f765ad6f2231f094e3",
                "sha256:6bb90e15267841fcee7e85ad976dc3dc95e28d9aa72f72697472807d68931259",
                "sha256:7b417c9f1cfbaf050f32bb9988b05cb9838bdbc6388a8015c2184118224c4a5b",
                "sha256:7e2442b015779f46a1eb7ceb2dfb44c9cbf3aae07ed966982ce0de6d3548273e",
                "sha256:85d169c191742eed26df7df914ffe4343fd1040ec3b5169d849cc74232aa80e7",
                "sha256:87810658ba216576de38589ce66b87c6793807b7d26d24470a22ebc3fa4339f5",
                "sha256:91b64609e945f73c9368bf81eb8c0a71a4c4b785f39fef51c2aca67a0da275fa",
                "sha256:93e26f7e7acf75be115cf24a3201167258f8468143a6712942e405e374fc76bd",
                "sha256:9b0adeac749e4f749849e678e377c06111f393dad435d73c06f6464e5c5e4d8c",
                "sha256:9f226fd4b9cfca9a683e6c3a67bfcad934f43bed3c89f6e86b72d582e516fc79",
                "sha256:a0566213aca1fcc76c57c279730554fc76d467038d59e4d6211c3d8876de7816",
                "sha256:adc5b641e272fe35f631513b2837a57f0a5cfb62123b704f9db09d68e87779fe",
                "sha256:ae79ae54c05b77440f6caabdcb06cec3de61371d1aeb02ef573786a4c37fb81a",
                "sha256:b1048ae33eb26ad4925536ea79a956eaa6f33e77c6295f140178b4be35c32226",
                "sha256:b5b9ac2b6cc93a931e67602af5b23268a3cd9eff629295a4f2cb277e7e4b9361",
                "sha256:b9c215fd0b956ac2943be38812b29c5392e72f14ec5319496a01a092da1d3b13",
                "sha256:c48beb3aa5e8464d2210eab930a38b9d1b84aea40073698dba450fddcc14463c",
                "sha256:ca49a7417f90f39c93fe60d703fdd36a8def26bb5bda65d60d39ff34d1e38062",
                "sha256:d81ff8478e1144fcb0471560503dfa88afb0c6d5364b288ce3a4f843f246997a",
                "sha256:f8d4128a99dc5a256a9c877a23fd82719949fe0b55e750a238cb93511cdbc97f"
            ],
            "markers": "python_version >= '3.6'",
            "version": "==1.7.1.1"
        },
        "pyindi-client": {
            "hashes": [
                "sha256:48b3697b2a1cc63fd695a627514ed1173cc86441f0eb300569583af897d416a8"
            ],
            "index": "pypi",
            "version": "==0.2.6"
        },
        "pytz": {
            "hashes": [
                "sha256:16962c5fb8db4a8f63a26646d8886e9d769b6c511543557bc84e9569fb9a9cb4",
                "sha256:180befebb1927b16f6b57101720075a984c019ac16b1b7575673bea42c6c3da5"
            ],
            "version": "==2020.5"
        },
        "tk": {
            "hashes": [
                "sha256:60bc8923d5d35f67f5c6bd93d4f0c49d2048114ec077768f959aef36d4ed97f8",
                "sha256:703a69ff0d5ba2bd2f7440582ad10160e4a6561595d33457dc6caa79b9bf4930"
            ],
            "index": "pypi",
            "version": "==0.1.0"
        },
        "tzlocal": {
            "hashes": [
                "sha256:643c97c5294aedc737780a49d9df30889321cbe1204eac2c2ec6134035a92e44",
                "sha256:e2cb6c6b5b604af38597403e9852872d7f534962ae2954c7f35efcb1ccacf4a4"
            ],
            "index": "pypi",
            "version": "==2.1"
        }
    },
    "develop": {}
}
